
Microsoft Visual Studio Solution File, Format Version 12.00
# Visual Studio Version 16
VisualStudioVersion = 16.0.30011.22
MinimumVisualStudioVersion = 10.0.40219.1
Project("{FAE04EC0-301F-11D3-BF4B-00C04F79EFBC}") = "ConsoleApp1", "ConsoleApp1\ConsoleApp1.csproj", "{CF193427-D1B9-4434-A01C-61B5CD86EFB0}"
EndProject
Global
	GlobalSection(SolutionConfigurationPlatforms) = preSolution
		Debug|Any CPU = Debug|Any CPU
		Release|Any CPU = Release|Any CPU
	EndGlobalSection
	GlobalSection(ProjectConfigurationPlatforms) = postSolution
		{CF193427-D1B9-4434-A01C-61B5CD86EFB0}.Debug|Any CPU.ActiveCfg = Debug|Any CPU
		{CF193427-D1B9-4434-A01C-61B5CD86EFB0}.Debug|Any CPU.Build.0 = Debug|Any CPU
		{CF193427-D1B9-4434-A01C-61B5CD86EFB0}.Release|Any CPU.ActiveCfg = Release|Any CPU
		{CF193427-D1B9-4434-A01C-61B5CD86EFB0}.Release|Any CPU.Build.0 = Release|Any CPU
	EndGlobalSection
	GlobalSection(SolutionProperties) = preSolution
		HideSolutionNode = FALSE
	EndGlobalSection
	GlobalSection(ExtensibilityGlobals) = postSolution
		SolutionGuid = {0B068999-24EE-42C9-B7E0-D4A3975C0C1E}
	EndGlobalSection
EndGlobal
