
Microsoft Visual Studio Solution File, Format Version 12.00
# Visual Studio Version 16
VisualStudioVersion = 16.0.30011.22
MinimumVisualStudioVersion = 10.0.40219.1
Project("{FAE04EC0-301F-11D3-BF4B-00C04F79EFBC}") = "Problem 7", "Problem 7\Problem 7.csproj", "{9F839263-E312-4BF6-B4FE-05A056B41148}"
EndProject
Global
	GlobalSection(SolutionConfigurationPlatforms) = preSolution
		Debug|Any CPU = Debug|Any CPU
		Release|Any CPU = Release|Any CPU
	EndGlobalSection
	GlobalSection(ProjectConfigurationPlatforms) = postSolution
		{9F839263-E312-4BF6-B4FE-05A056B41148}.Debug|Any CPU.ActiveCfg = Debug|Any CPU
		{9F839263-E312-4BF6-B4FE-05A056B41148}.Debug|Any CPU.Build.0 = Debug|Any CPU
		{9F839263-E312-4BF6-B4FE-05A056B41148}.Release|Any CPU.ActiveCfg = Release|Any CPU
		{9F839263-E312-4BF6-B4FE-05A056B41148}.Release|Any CPU.Build.0 = Release|Any CPU
	EndGlobalSection
	GlobalSection(SolutionProperties) = preSolution
		HideSolutionNode = FALSE
	EndGlobalSection
	GlobalSection(ExtensibilityGlobals) = postSolution
		SolutionGuid = {B95B20C3-9EFE-406E-9497-30D4DBDD5AD0}
	EndGlobalSection
EndGlobal
