
Microsoft Visual Studio Solution File, Format Version 12.00
# Visual Studio Version 16
VisualStudioVersion = 16.0.30011.22
MinimumVisualStudioVersion = 10.0.40219.1
Project("{FAE04EC0-301F-11D3-BF4B-00C04F79EFBC}") = "Problem 14", "Problem 14\Problem 14.csproj", "{35885E6B-584A-47C3-ACCC-B294FE724B4D}"
EndProject
Global
	GlobalSection(SolutionConfigurationPlatforms) = preSolution
		Debug|Any CPU = Debug|Any CPU
		Release|Any CPU = Release|Any CPU
	EndGlobalSection
	GlobalSection(ProjectConfigurationPlatforms) = postSolution
		{35885E6B-584A-47C3-ACCC-B294FE724B4D}.Debug|Any CPU.ActiveCfg = Debug|Any CPU
		{35885E6B-584A-47C3-ACCC-B294FE724B4D}.Debug|Any CPU.Build.0 = Debug|Any CPU
		{35885E6B-584A-47C3-ACCC-B294FE724B4D}.Release|Any CPU.ActiveCfg = Release|Any CPU
		{35885E6B-584A-47C3-ACCC-B294FE724B4D}.Release|Any CPU.Build.0 = Release|Any CPU
	EndGlobalSection
	GlobalSection(SolutionProperties) = preSolution
		HideSolutionNode = FALSE
	EndGlobalSection
	GlobalSection(ExtensibilityGlobals) = postSolution
		SolutionGuid = {23DB1475-B23D-4C88-BE1A-3DD717146757}
	EndGlobalSection
EndGlobal
