
Microsoft Visual Studio Solution File, Format Version 12.00
# Visual Studio Version 16
VisualStudioVersion = 16.0.30011.22
MinimumVisualStudioVersion = 10.0.40219.1
Project("{FAE04EC0-301F-11D3-BF4B-00C04F79EFBC}") = "Problem 11", "Problem 11\Problem 11.csproj", "{030D222D-B1C5-4F46-BE86-F9026FDA6979}"
EndProject
Global
	GlobalSection(SolutionConfigurationPlatforms) = preSolution
		Debug|Any CPU = Debug|Any CPU
		Release|Any CPU = Release|Any CPU
	EndGlobalSection
	GlobalSection(ProjectConfigurationPlatforms) = postSolution
		{030D222D-B1C5-4F46-BE86-F9026FDA6979}.Debug|Any CPU.ActiveCfg = Debug|Any CPU
		{030D222D-B1C5-4F46-BE86-F9026FDA6979}.Debug|Any CPU.Build.0 = Debug|Any CPU
		{030D222D-B1C5-4F46-BE86-F9026FDA6979}.Release|Any CPU.ActiveCfg = Release|Any CPU
		{030D222D-B1C5-4F46-BE86-F9026FDA6979}.Release|Any CPU.Build.0 = Release|Any CPU
	EndGlobalSection
	GlobalSection(SolutionProperties) = preSolution
		HideSolutionNode = FALSE
	EndGlobalSection
	GlobalSection(ExtensibilityGlobals) = postSolution
		SolutionGuid = {FD9A7880-931B-4F97-8C29-09F2F1D549BA}
	EndGlobalSection
EndGlobal
