
Microsoft Visual Studio Solution File, Format Version 12.00
# Visual Studio Version 16
VisualStudioVersion = 16.0.30011.22
MinimumVisualStudioVersion = 10.0.40219.1
Project("{FAE04EC0-301F-11D3-BF4B-00C04F79EFBC}") = "Problem 40", "Problem 40\Problem 40.csproj", "{0AFA4E73-C7B4-4B99-9B27-97D56B0736DB}"
EndProject
Global
	GlobalSection(SolutionConfigurationPlatforms) = preSolution
		Debug|Any CPU = Debug|Any CPU
		Release|Any CPU = Release|Any CPU
	EndGlobalSection
	GlobalSection(ProjectConfigurationPlatforms) = postSolution
		{0AFA4E73-C7B4-4B99-9B27-97D56B0736DB}.Debug|Any CPU.ActiveCfg = Debug|Any CPU
		{0AFA4E73-C7B4-4B99-9B27-97D56B0736DB}.Debug|Any CPU.Build.0 = Debug|Any CPU
		{0AFA4E73-C7B4-4B99-9B27-97D56B0736DB}.Release|Any CPU.ActiveCfg = Release|Any CPU
		{0AFA4E73-C7B4-4B99-9B27-97D56B0736DB}.Release|Any CPU.Build.0 = Release|Any CPU
	EndGlobalSection
	GlobalSection(SolutionProperties) = preSolution
		HideSolutionNode = FALSE
	EndGlobalSection
	GlobalSection(ExtensibilityGlobals) = postSolution
		SolutionGuid = {CEA00E34-9CE0-4156-BCCD-AF48ABFC85AC}
	EndGlobalSection
EndGlobal
